// !$*UTF8*$!
{
	archiveVersion = 1;
	classes = {
	};
	objectVersion = 46;
	objects = {

/* Begin PBXBuildFile section */
		0C958F9D1BCED670007A7694 /* ProductDescriptionTableViewCell.m in Sources */ = {isa = PBXBuildFile; fileRef = 0C958F901BCED670007A7694 /* ProductDescriptionTableViewCell.m */; };
		0C958F9E1BCED670007A7694 /* ProductDescriptionTableViewCell.xib in Resources */ = {isa = PBXBuildFile; fileRef = 0C958F911BCED670007A7694 /* ProductDescriptionTableViewCell.xib */; };
		0C958F9F1BCED670007A7694 /* ProductDetailsTableViewCell.m in Sources */ = {isa = PBXBuildFile; fileRef = 0C958F931BCED670007A7694 /* ProductDetailsTableViewCell.m */; };
		0C958FA01BCED670007A7694 /* ProductDetailsTableViewCell.xib in Resources */ = {isa = PBXBuildFile; fileRef = 0C958F941BCED670007A7694 /* ProductDetailsTableViewCell.xib */; };
		0C958FA11BCED670007A7694 /* ProductDetailViewController.m in Sources */ = {isa = PBXBuildFile; fileRef = 0C958F961BCED670007A7694 /* ProductDetailViewController.m */; };
		0C958FA21BCED670007A7694 /* ProductDetailViewController.xib in Resources */ = {isa = PBXBuildFile; fileRef = 0C958F971BCED670007A7694 /* ProductDetailViewController.xib */; };
		0C958FA31BCED670007A7694 /* TopZoneCollectionViewCell.m in Sources */ = {isa = PBXBuildFile; fileRef = 0C958F991BCED670007A7694 /* TopZoneCollectionViewCell.m */; };
		0C958FA41BCED670007A7694 /* TopZoneCollectionViewCell.xib in Resources */ = {isa = PBXBuildFile; fileRef = 0C958F9A1BCED670007A7694 /* TopZoneCollectionViewCell.xib */; };
		0C958FA51BCED670007A7694 /* TopZoneView.m in Sources */ = {isa = PBXBuildFile; fileRef = 0C958F9C1BCED670007A7694 /* TopZoneView.m */; };
		0C958FC31BCED6B8007A7694 /* NMRangeSlider.m in Sources */ = {isa = PBXBuildFile; fileRef = 0C958FA81BCED6B8007A7694 /* NMRangeSlider.m */; };
		0C958FC41BCED6B9007A7694 /* slider-default_trackBackground@2x.png in Resources */ = {isa = PBXBuildFile; fileRef = 0C958FA91BCED6B8007A7694 /* slider-default_trackBackground@2x.png */; };
		0C958FC51BCED6B9007A7694 /* slider-default-handle-highlighted.png in Resources */ = {isa = PBXBuildFile; fileRef = 0C958FAA1BCED6B8007A7694 /* slider-default-handle-highlighted.png */; };
		0C958FC61BCED6B9007A7694 /* slider-default-handle-highlighted@2x.png in Resources */ = {isa = PBXBuildFile; fileRef = 0C958FAB1BCED6B8007A7694 /* slider-default-handle-highlighted@2x.png */; };
		0C958FC71BCED6B9007A7694 /* slider-default-handle.png in Resources */ = {isa = PBXBuildFile; fileRef = 0C958FAC1BCED6B8007A7694 /* slider-default-handle.png */; };
		0C958FC81BCED6B9007A7694 /* slider-default-handle@2x.png in Resources */ = {isa = PBXBuildFile; fileRef = 0C958FAD1BCED6B8007A7694 /* slider-default-handle@2x.png */; };
		0C958FC91BCED6B9007A7694 /* slider-default-track.png in Resources */ = {isa = PBXBuildFile; fileRef = 0C958FAE1BCED6B8007A7694 /* slider-default-track.png */; };
		0C958FCA1BCED6B9007A7694 /* slider-default-track@2x.png in Resources */ = {isa = PBXBuildFile; fileRef = 0C958FAF1BCED6B8007A7694 /* slider-default-track@2x.png */; };
		0C958FCB1BCED6B9007A7694 /* slider-default-trackBackground.png in Resources */ = {isa = PBXBuildFile; fileRef = 0C958FB01BCED6B8007A7694 /* slider-default-trackBackground.png */; };
		0C958FCC1BCED6B9007A7694 /* slider-default-trackCrossedOver.png in Resources */ = {isa = PBXBuildFile; fileRef = 0C958FB11BCED6B8007A7694 /* slider-default-trackCrossedOver.png */; };
		0C958FCD1BCED6B9007A7694 /* slider-default-trackCrossedOver@2x.png in Resources */ = {isa = PBXBuildFile; fileRef = 0C958FB21BCED6B8007A7694 /* slider-default-trackCrossedOver@2x.png */; };
		0C958FCE1BCED6B9007A7694 /* slider-default7-handle.png in Resources */ = {isa = PBXBuildFile; fileRef = 0C958FB31BCED6B8007A7694 /* slider-default7-handle.png */; };
		0C958FCF1BCED6B9007A7694 /* slider-default7-handle@2x.png in Resources */ = {isa = PBXBuildFile; fileRef = 0C958FB41BCED6B8007A7694 /* slider-default7-handle@2x.png */; };
		0C958FD01BCED6B9007A7694 /* slider-default7-track.png in Resources */ = {isa = PBXBuildFile; fileRef = 0C958FB51BCED6B8007A7694 /* slider-default7-track.png */; };
		0C958FD11BCED6B9007A7694 /* slider-default7-track@2x.png in Resources */ = {isa = PBXBuildFile; fileRef = 0C958FB61BCED6B8007A7694 /* slider-default7-track@2x.png */; };
		0C958FD21BCED6B9007A7694 /* slider-default7-trackBackground.png in Resources */ = {isa = PBXBuildFile; fileRef = 0C958FB71BCED6B8007A7694 /* slider-default7-trackBackground.png */; };
		0C958FD31BCED6B9007A7694 /* slider-default7-trackBackground@2x.png in Resources */ = {isa = PBXBuildFile; fileRef = 0C958FB81BCED6B8007A7694 /* slider-default7-trackBackground@2x.png */; };
		0C958FD41BCED6B9007A7694 /* slider-default7-trackCrossedOver.png in Resources */ = {isa = PBXBuildFile; fileRef = 0C958FB91BCED6B8007A7694 /* slider-default7-trackCrossedOver.png */; };
		0C958FD51BCED6B9007A7694 /* slider-default7-trackCrossedOver@2x.png in Resources */ = {isa = PBXBuildFile; fileRef = 0C958FBA1BCED6B8007A7694 /* slider-default7-trackCrossedOver@2x.png */; };
		0C958FD61BCED6B9007A7694 /* slider-metal-handle-highlighted.png in Resources */ = {isa = PBXBuildFile; fileRef = 0C958FBB1BCED6B8007A7694 /* slider-metal-handle-highlighted.png */; };
		0C958FD71BCED6B9007A7694 /* slider-metal-handle-highlighted@2x.png in Resources */ = {isa = PBXBuildFile; fileRef = 0C958FBC1BCED6B8007A7694 /* slider-metal-handle-highlighted@2x.png */; };
		0C958FD81BCED6B9007A7694 /* slider-metal-handle.png in Resources */ = {isa = PBXBuildFile; fileRef = 0C958FBD1BCED6B8007A7694 /* slider-metal-handle.png */; };
		0C958FD91BCED6B9007A7694 /* slider-metal-handle@2x.png in Resources */ = {isa = PBXBuildFile; fileRef = 0C958FBE1BCED6B8007A7694 /* slider-metal-handle@2x.png */; };
		0C958FDA1BCED6B9007A7694 /* slider-metal-track.png in Resources */ = {isa = PBXBuildFile; fileRef = 0C958FBF1BCED6B8007A7694 /* slider-metal-track.png */; };
		0C958FDB1BCED6B9007A7694 /* slider-metal-track@2x.png in Resources */ = {isa = PBXBuildFile; fileRef = 0C958FC01BCED6B8007A7694 /* slider-metal-track@2x.png */; };
		0C958FDC1BCED6B9007A7694 /* slider-metal-trackBackground.png in Resources */ = {isa = PBXBuildFile; fileRef = 0C958FC11BCED6B8007A7694 /* slider-metal-trackBackground.png */; };
		0C958FDD1BCED6B9007A7694 /* slider-metal-trackBackground@2x.png in Resources */ = {isa = PBXBuildFile; fileRef = 0C958FC21BCED6B8007A7694 /* slider-metal-trackBackground@2x.png */; };
		0C958FE51BCED709007A7694 /* AddWishViewController.m in Sources */ = {isa = PBXBuildFile; fileRef = 0C958FE01BCED709007A7694 /* AddWishViewController.m */; };
		0C958FE61BCED709007A7694 /* AddWishViewController.xib in Resources */ = {isa = PBXBuildFile; fileRef = 0C958FE11BCED709007A7694 /* AddWishViewController.xib */; };
		0C958FE71BCED709007A7694 /* ImagesCollectionViewCell.m in Sources */ = {isa = PBXBuildFile; fileRef = 0C958FE31BCED709007A7694 /* ImagesCollectionViewCell.m */; };
		0C958FE81BCED709007A7694 /* ImagesCollectionViewCell.xib in Resources */ = {isa = PBXBuildFile; fileRef = 0C958FE41BCED709007A7694 /* ImagesCollectionViewCell.xib */; };
		0C958FEC1BCED750007A7694 /* Product.m in Sources */ = {isa = PBXBuildFile; fileRef = 0C958FEB1BCED750007A7694 /* Product.m */; };
		0C958FEE1BCED882007A7694 /* prods.json in Resources */ = {isa = PBXBuildFile; fileRef = 0C958FED1BCED882007A7694 /* prods.json */; };
		0C958FF11BCED8AC007A7694 /* ProductData.m in Sources */ = {isa = PBXBuildFile; fileRef = 0C958FF01BCED8AC007A7694 /* ProductData.m */; };
		2F085F111BCC431F004E6643 /* SWRevealViewController.m in Sources */ = {isa = PBXBuildFile; fileRef = 2F085F101BCC431F004E6643 /* SWRevealViewController.m */; };
		2F1668DF1BC5580D00744672 /* main.m in Sources */ = {isa = PBXBuildFile; fileRef = 2F1668DE1BC5580C00744672 /* main.m */; };
		2F1668E21BC5580D00744672 /* AppDelegate.m in Sources */ = {isa = PBXBuildFile; fileRef = 2F1668E11BC5580D00744672 /* AppDelegate.m */; };
		2F1668E81BC5580D00744672 /* Main.storyboard in Resources */ = {isa = PBXBuildFile; fileRef = 2F1668E61BC5580D00744672 /* Main.storyboard */; };
		2F1668EA1BC5580D00744672 /* Images.xcassets in Resources */ = {isa = PBXBuildFile; fileRef = 2F1668E91BC5580D00744672 /* Images.xcassets */; };
		2F1668ED1BC5580D00744672 /* LaunchScreen.xib in Resources */ = {isa = PBXBuildFile; fileRef = 2F1668EB1BC5580D00744672 /* LaunchScreen.xib */; };
		2F1668F91BC5580D00744672 /* HackathonTests.m in Sources */ = {isa = PBXBuildFile; fileRef = 2F1668F81BC5580D00744672 /* HackathonTests.m */; };
		2F1669041BC5588100744672 /* ViewController.m in Sources */ = {isa = PBXBuildFile; fileRef = 2F1669031BC5588100744672 /* ViewController.m */; };
		2F1882431BC7C98200F29C34 /* WallViewController.m in Sources */ = {isa = PBXBuildFile; fileRef = 2F1882421BC7C98200F29C34 /* WallViewController.m */; };
		2F1882461BC7C99800F29C34 /* WishViewController.m in Sources */ = {isa = PBXBuildFile; fileRef = 2F1882451BC7C99800F29C34 /* WishViewController.m */; };
		2F1882491BC7C9AC00F29C34 /* BrowseViewController.m in Sources */ = {isa = PBXBuildFile; fileRef = 2F1882481BC7C9AC00F29C34 /* BrowseViewController.m */; };
		2F1882541BC850A400F29C34 /* feed.png in Resources */ = {isa = PBXBuildFile; fileRef = 2F1882511BC850A400F29C34 /* feed.png */; };
		2F1882551BC850A400F29C34 /* search.png in Resources */ = {isa = PBXBuildFile; fileRef = 2F1882521BC850A400F29C34 /* search.png */; };
		2F1882561BC850A400F29C34 /* wish.png in Resources */ = {isa = PBXBuildFile; fileRef = 2F1882531BC850A400F29C34 /* wish.png */; };
		2F18825C1BC9A43600F29C34 /* LeftDeckViewController.m in Sources */ = {isa = PBXBuildFile; fileRef = 2F18825B1BC9A43600F29C34 /* LeftDeckViewController.m */; };
		2F1882641BC9A88A00F29C34 /* LeftDeckTableViewCell.m in Sources */ = {isa = PBXBuildFile; fileRef = 2F1882621BC9A88A00F29C34 /* LeftDeckTableViewCell.m */; };
		2F1882651BC9A88A00F29C34 /* LeftDeckTableViewCell.xib in Resources */ = {isa = PBXBuildFile; fileRef = 2F1882631BC9A88A00F29C34 /* LeftDeckTableViewCell.xib */; };
		A0A7AAAF1BCD83B600F0CBFC /* BaseTableView.m in Sources */ = {isa = PBXBuildFile; fileRef = A0A7AAAE1BCD83B600F0CBFC /* BaseTableView.m */; };
		A0A7AAB41BCD851D00F0CBFC /* TableViewCell.m in Sources */ = {isa = PBXBuildFile; fileRef = A0A7AAB21BCD851D00F0CBFC /* TableViewCell.m */; };
		A0A7AAB51BCD851D00F0CBFC /* TableViewCell.xib in Resources */ = {isa = PBXBuildFile; fileRef = A0A7AAB31BCD851D00F0CBFC /* TableViewCell.xib */; };
		E9A62DF8154C5A36F85CA285 /* libPods-Hackathon.a in Frameworks */ = {isa = PBXBuildFile; fileRef = AFC5F66369270EE509E8A014 /* libPods-Hackathon.a */; };
/* End PBXBuildFile section */

/* Begin PBXContainerItemProxy section */
		2F1668F31BC5580D00744672 /* PBXContainerItemProxy */ = {
			isa = PBXContainerItemProxy;
			containerPortal = 2F1668D11BC5580C00744672 /* Project object */;
			proxyType = 1;
			remoteGlobalIDString = 2F1668D81BC5580C00744672;
			remoteInfo = Hackathon;
		};
/* End PBXContainerItemProxy section */

/* Begin PBXFileReference section */
		0C958F8F1BCED670007A7694 /* ProductDescriptionTableViewCell.h */ = {isa = PBXFileReference; fileEncoding = 4; lastKnownFileType = sourcecode.c.h; path = ProductDescriptionTableViewCell.h; sourceTree = "<group>"; };
		0C958F901BCED670007A7694 /* ProductDescriptionTableViewCell.m */ = {isa = PBXFileReference; fileEncoding = 4; lastKnownFileType = sourcecode.c.objc; path = ProductDescriptionTableViewCell.m; sourceTree = "<group>"; };
		0C958F911BCED670007A7694 /* ProductDescriptionTableViewCell.xib */ = {isa = PBXFileReference; fileEncoding = 4; lastKnownFileType = file.xib; path = ProductDescriptionTableViewCell.xib; sourceTree = "<group>"; };
		0C958F921BCED670007A7694 /* ProductDetailsTableViewCell.h */ = {isa = PBXFileReference; fileEncoding = 4; lastKnownFileType = sourcecode.c.h; path = ProductDetailsTableViewCell.h; sourceTree = "<group>"; };
		0C958F931BCED670007A7694 /* ProductDetailsTableViewCell.m */ = {isa = PBXFileReference; fileEncoding = 4; lastKnownFileType = sourcecode.c.objc; path = ProductDetailsTableViewCell.m; sourceTree = "<group>"; };
		0C958F941BCED670007A7694 /* ProductDetailsTableViewCell.xib */ = {isa = PBXFileReference; fileEncoding = 4; lastKnownFileType = file.xib; path = ProductDetailsTableViewCell.xib; sourceTree = "<group>"; };
		0C958F951BCED670007A7694 /* ProductDetailViewController.h */ = {isa = PBXFileReference; fileEncoding = 4; lastKnownFileType = sourcecode.c.h; path = ProductDetailViewController.h; sourceTree = "<group>"; };
		0C958F961BCED670007A7694 /* ProductDetailViewController.m */ = {isa = PBXFileReference; fileEncoding = 4; lastKnownFileType = sourcecode.c.objc; path = ProductDetailViewController.m; sourceTree = "<group>"; };
		0C958F971BCED670007A7694 /* ProductDetailViewController.xib */ = {isa = PBXFileReference; fileEncoding = 4; lastKnownFileType = file.xib; path = ProductDetailViewController.xib; sourceTree = "<group>"; };
		0C958F981BCED670007A7694 /* TopZoneCollectionViewCell.h */ = {isa = PBXFileReference; fileEncoding = 4; lastKnownFileType = sourcecode.c.h; path = TopZoneCollectionViewCell.h; sourceTree = "<group>"; };
		0C958F991BCED670007A7694 /* TopZoneCollectionViewCell.m */ = {isa = PBXFileReference; fileEncoding = 4; lastKnownFileType = sourcecode.c.objc; path = TopZoneCollectionViewCell.m; sourceTree = "<group>"; };
		0C958F9A1BCED670007A7694 /* TopZoneCollectionViewCell.xib */ = {isa = PBXFileReference; fileEncoding = 4; lastKnownFileType = file.xib; path = TopZoneCollectionViewCell.xib; sourceTree = "<group>"; };
		0C958F9B1BCED670007A7694 /* TopZoneView.h */ = {isa = PBXFileReference; fileEncoding = 4; lastKnownFileType = sourcecode.c.h; path = TopZoneView.h; sourceTree = "<group>"; };
		0C958F9C1BCED670007A7694 /* TopZoneView.m */ = {isa = PBXFileReference; fileEncoding = 4; lastKnownFileType = sourcecode.c.objc; path = TopZoneView.m; sourceTree = "<group>"; };
		0C958FA71BCED6B8007A7694 /* NMRangeSlider.h */ = {isa = PBXFileReference; fileEncoding = 4; lastKnownFileType = sourcecode.c.h; path = NMRangeSlider.h; sourceTree = "<group>"; };
		0C958FA81BCED6B8007A7694 /* NMRangeSlider.m */ = {isa = PBXFileReference; fileEncoding = 4; lastKnownFileType = sourcecode.c.objc; path = NMRangeSlider.m; sourceTree = "<group>"; };
		0C958FA91BCED6B8007A7694 /* slider-default_trackBackground@2x.png */ = {isa = PBXFileReference; lastKnownFileType = image.png; path = "slider-default_trackBackground@2x.png"; sourceTree = "<group>"; };
		0C958FAA1BCED6B8007A7694 /* slider-default-handle-highlighted.png */ = {isa = PBXFileReference; lastKnownFileType = image.png; path = "slider-default-handle-highlighted.png"; sourceTree = "<group>"; };
		0C958FAB1BCED6B8007A7694 /* slider-default-handle-highlighted@2x.png */ = {isa = PBXFileReference; lastKnownFileType = image.png; path = "slider-default-handle-highlighted@2x.png"; sourceTree = "<group>"; };
		0C958FAC1BCED6B8007A7694 /* slider-default-handle.png */ = {isa = PBXFileReference; lastKnownFileType = image.png; path = "slider-default-handle.png"; sourceTree = "<group>"; };
		0C958FAD1BCED6B8007A7694 /* slider-default-handle@2x.png */ = {isa = PBXFileReference; lastKnownFileType = image.png; path = "slider-default-handle@2x.png"; sourceTree = "<group>"; };
		0C958FAE1BCED6B8007A7694 /* slider-default-track.png */ = {isa = PBXFileReference; lastKnownFileType = image.png; path = "slider-default-track.png"; sourceTree = "<group>"; };
		0C958FAF1BCED6B8007A7694 /* slider-default-track@2x.png */ = {isa = PBXFileReference; lastKnownFileType = image.png; path = "slider-default-track@2x.png"; sourceTree = "<group>"; };
		0C958FB01BCED6B8007A7694 /* slider-default-trackBackground.png */ = {isa = PBXFileReference; lastKnownFileType = image.png; path = "slider-default-trackBackground.png"; sourceTree = "<group>"; };
		0C958FB11BCED6B8007A7694 /* slider-default-trackCrossedOver.png */ = {isa = PBXFileReference; lastKnownFileType = image.png; path = "slider-default-trackCrossedOver.png"; sourceTree = "<group>"; };
		0C958FB21BCED6B8007A7694 /* slider-default-trackCrossedOver@2x.png */ = {isa = PBXFileReference; lastKnownFileType = image.png; path = "slider-default-trackCrossedOver@2x.png"; sourceTree = "<group>"; };
		0C958FB31BCED6B8007A7694 /* slider-default7-handle.png */ = {isa = PBXFileReference; lastKnownFileType = image.png; path = "slider-default7-handle.png"; sourceTree = "<group>"; };
		0C958FB41BCED6B8007A7694 /* slider-default7-handle@2x.png */ = {isa = PBXFileReference; lastKnownFileType = image.png; path = "slider-default7-handle@2x.png"; sourceTree = "<group>"; };
		0C958FB51BCED6B8007A7694 /* slider-default7-track.png */ = {isa = PBXFileReference; lastKnownFileType = image.png; path = "slider-default7-track.png"; sourceTree = "<group>"; };
		0C958FB61BCED6B8007A7694 /* slider-default7-track@2x.png */ = {isa = PBXFileReference; lastKnownFileType = image.png; path = "slider-default7-track@2x.png"; sourceTree = "<group>"; };
		0C958FB71BCED6B8007A7694 /* slider-default7-trackBackground.png */ = {isa = PBXFileReference; lastKnownFileType = image.png; path = "slider-default7-trackBackground.png"; sourceTree = "<group>"; };
		0C958FB81BCED6B8007A7694 /* slider-default7-trackBackground@2x.png */ = {isa = PBXFileReference; lastKnownFileType = image.png; path = "slider-default7-trackBackground@2x.png"; sourceTree = "<group>"; };
		0C958FB91BCED6B8007A7694 /* slider-default7-trackCrossedOver.png */ = {isa = PBXFileReference; lastKnownFileType = image.png; path = "slider-default7-trackCrossedOver.png"; sourceTree = "<group>"; };
		0C958FBA1BCED6B8007A7694 /* slider-default7-trackCrossedOver@2x.png */ = {isa = PBXFileReference; lastKnownFileType = image.png; path = "slider-default7-trackCrossedOver@2x.png"; sourceTree = "<group>"; };
		0C958FBB1BCED6B8007A7694 /* slider-metal-handle-highlighted.png */ = {isa = PBXFileReference; lastKnownFileType = image.png; path = "slider-metal-handle-highlighted.png"; sourceTree = "<group>"; };
		0C958FBC1BCED6B8007A7694 /* slider-metal-handle-highlighted@2x.png */ = {isa = PBXFileReference; lastKnownFileType = image.png; path = "slider-metal-handle-highlighted@2x.png"; sourceTree = "<group>"; };
		0C958FBD1BCED6B8007A7694 /* slider-metal-handle.png */ = {isa = PBXFileReference; lastKnownFileType = image.png; path = "slider-metal-handle.png"; sourceTree = "<group>"; };
		0C958FBE1BCED6B8007A7694 /* slider-metal-handle@2x.png */ = {isa = PBXFileReference; lastKnownFileType = image.png; path = "slider-metal-handle@2x.png"; sourceTree = "<group>"; };
		0C958FBF1BCED6B8007A7694 /* slider-metal-track.png */ = {isa = PBXFileReference; lastKnownFileType = image.png; path = "slider-metal-track.png"; sourceTree = "<group>"; };
		0C958FC01BCED6B8007A7694 /* slider-metal-track@2x.png */ = {isa = PBXFileReference; lastKnownFileType = image.png; path = "slider-metal-track@2x.png"; sourceTree = "<group>"; };
		0C958FC11BCED6B8007A7694 /* slider-metal-trackBackground.png */ = {isa = PBXFileReference; lastKnownFileType = image.png; path = "slider-metal-trackBackground.png"; sourceTree = "<group>"; };
		0C958FC21BCED6B8007A7694 /* slider-metal-trackBackground@2x.png */ = {isa = PBXFileReference; lastKnownFileType = image.png; path = "slider-metal-trackBackground@2x.png"; sourceTree = "<group>"; };
		0C958FDF1BCED709007A7694 /* AddWishViewController.h */ = {isa = PBXFileReference; fileEncoding = 4; lastKnownFileType = sourcecode.c.h; path = AddWishViewController.h; sourceTree = "<group>"; };
		0C958FE01BCED709007A7694 /* AddWishViewController.m */ = {isa = PBXFileReference; fileEncoding = 4; lastKnownFileType = sourcecode.c.objc; path = AddWishViewController.m; sourceTree = "<group>"; };
		0C958FE11BCED709007A7694 /* AddWishViewController.xib */ = {isa = PBXFileReference; fileEncoding = 4; lastKnownFileType = file.xib; path = AddWishViewController.xib; sourceTree = "<group>"; };
		0C958FE21BCED709007A7694 /* ImagesCollectionViewCell.h */ = {isa = PBXFileReference; fileEncoding = 4; lastKnownFileType = sourcecode.c.h; path = ImagesCollectionViewCell.h; sourceTree = "<group>"; };
		0C958FE31BCED709007A7694 /* ImagesCollectionViewCell.m */ = {isa = PBXFileReference; fileEncoding = 4; lastKnownFileType = sourcecode.c.objc; path = ImagesCollectionViewCell.m; sourceTree = "<group>"; };
		0C958FE41BCED709007A7694 /* ImagesCollectionViewCell.xib */ = {isa = PBXFileReference; fileEncoding = 4; lastKnownFileType = file.xib; path = ImagesCollectionViewCell.xib; sourceTree = "<group>"; };
		0C958FEA1BCED750007A7694 /* Product.h */ = {isa = PBXFileReference; fileEncoding = 4; lastKnownFileType = sourcecode.c.h; path = Product.h; sourceTree = "<group>"; };
		0C958FEB1BCED750007A7694 /* Product.m */ = {isa = PBXFileReference; fileEncoding = 4; lastKnownFileType = sourcecode.c.objc; path = Product.m; sourceTree = "<group>"; };
		0C958FED1BCED882007A7694 /* prods.json */ = {isa = PBXFileReference; fileEncoding = 4; lastKnownFileType = text.json; path = prods.json; sourceTree = "<group>"; };
		0C958FEF1BCED8AC007A7694 /* ProductData.h */ = {isa = PBXFileReference; fileEncoding = 4; lastKnownFileType = sourcecode.c.h; path = ProductData.h; sourceTree = "<group>"; };
		0C958FF01BCED8AC007A7694 /* ProductData.m */ = {isa = PBXFileReference; fileEncoding = 4; lastKnownFileType = sourcecode.c.objc; path = ProductData.m; sourceTree = "<group>"; };
		2F085F0F1BCC431F004E6643 /* SWRevealViewController.h */ = {isa = PBXFileReference; fileEncoding = 4; lastKnownFileType = sourcecode.c.h; path = SWRevealViewController.h; sourceTree = "<group>"; };
		2F085F101BCC431F004E6643 /* SWRevealViewController.m */ = {isa = PBXFileReference; fileEncoding = 4; lastKnownFileType = sourcecode.c.objc; path = SWRevealViewController.m; sourceTree = "<group>"; };
		2F1668D91BC5580C00744672 /* Hackathon.app */ = {isa = PBXFileReference; explicitFileType = wrapper.application; includeInIndex = 0; path = Hackathon.app; sourceTree = BUILT_PRODUCTS_DIR; };
		2F1668DD1BC5580C00744672 /* Info.plist */ = {isa = PBXFileReference; lastKnownFileType = text.plist.xml; path = Info.plist; sourceTree = "<group>"; };
		2F1668DE1BC5580C00744672 /* main.m */ = {isa = PBXFileReference; lastKnownFileType = sourcecode.c.objc; path = main.m; sourceTree = "<group>"; };
		2F1668E01BC5580D00744672 /* AppDelegate.h */ = {isa = PBXFileReference; lastKnownFileType = sourcecode.c.h; path = AppDelegate.h; sourceTree = "<group>"; };
		2F1668E11BC5580D00744672 /* AppDelegate.m */ = {isa = PBXFileReference; lastKnownFileType = sourcecode.c.objc; path = AppDelegate.m; sourceTree = "<group>"; };
		2F1668E71BC5580D00744672 /* Base */ = {isa = PBXFileReference; lastKnownFileType = file.storyboard; name = Base; path = Base.lproj/Main.storyboard; sourceTree = "<group>"; };
		2F1668E91BC5580D00744672 /* Images.xcassets */ = {isa = PBXFileReference; lastKnownFileType = folder.assetcatalog; path = Images.xcassets; sourceTree = "<group>"; };
		2F1668EC1BC5580D00744672 /* Base */ = {isa = PBXFileReference; lastKnownFileType = file.xib; name = Base; path = Base.lproj/LaunchScreen.xib; sourceTree = "<group>"; };
		2F1668F21BC5580D00744672 /* HackathonTests.xctest */ = {isa = PBXFileReference; explicitFileType = wrapper.cfbundle; includeInIndex = 0; path = HackathonTests.xctest; sourceTree = BUILT_PRODUCTS_DIR; };
		2F1668F71BC5580D00744672 /* Info.plist */ = {isa = PBXFileReference; lastKnownFileType = text.plist.xml; path = Info.plist; sourceTree = "<group>"; };
		2F1668F81BC5580D00744672 /* HackathonTests.m */ = {isa = PBXFileReference; lastKnownFileType = sourcecode.c.objc; path = HackathonTests.m; sourceTree = "<group>"; };
		2F1669021BC5588100744672 /* ViewController.h */ = {isa = PBXFileReference; fileEncoding = 4; lastKnownFileType = sourcecode.c.h; path = ViewController.h; sourceTree = "<group>"; };
		2F1669031BC5588100744672 /* ViewController.m */ = {isa = PBXFileReference; fileEncoding = 4; lastKnownFileType = sourcecode.c.objc; path = ViewController.m; sourceTree = "<group>"; };
		2F1882411BC7C98200F29C34 /* WallViewController.h */ = {isa = PBXFileReference; fileEncoding = 4; lastKnownFileType = sourcecode.c.h; path = WallViewController.h; sourceTree = "<group>"; };
		2F1882421BC7C98200F29C34 /* WallViewController.m */ = {isa = PBXFileReference; fileEncoding = 4; lastKnownFileType = sourcecode.c.objc; path = WallViewController.m; sourceTree = "<group>"; };
		2F1882441BC7C99800F29C34 /* WishViewController.h */ = {isa = PBXFileReference; fileEncoding = 4; lastKnownFileType = sourcecode.c.h; path = WishViewController.h; sourceTree = "<group>"; };
		2F1882451BC7C99800F29C34 /* WishViewController.m */ = {isa = PBXFileReference; fileEncoding = 4; lastKnownFileType = sourcecode.c.objc; path = WishViewController.m; sourceTree = "<group>"; };
		2F1882471BC7C9AC00F29C34 /* BrowseViewController.h */ = {isa = PBXFileReference; fileEncoding = 4; lastKnownFileType = sourcecode.c.h; path = BrowseViewController.h; sourceTree = "<group>"; };
		2F1882481BC7C9AC00F29C34 /* BrowseViewController.m */ = {isa = PBXFileReference; fileEncoding = 4; lastKnownFileType = sourcecode.c.objc; path = BrowseViewController.m; sourceTree = "<group>"; };
		2F1882511BC850A400F29C34 /* feed.png */ = {isa = PBXFileReference; lastKnownFileType = image.png; name = feed.png; path = ../feed.png; sourceTree = "<group>"; };
		2F1882521BC850A400F29C34 /* search.png */ = {isa = PBXFileReference; lastKnownFileType = image.png; name = search.png; path = ../search.png; sourceTree = "<group>"; };
		2F1882531BC850A400F29C34 /* wish.png */ = {isa = PBXFileReference; lastKnownFileType = image.png; name = wish.png; path = ../wish.png; sourceTree = "<group>"; };
		2F18825A1BC9A43600F29C34 /* LeftDeckViewController.h */ = {isa = PBXFileReference; fileEncoding = 4; lastKnownFileType = sourcecode.c.h; path = LeftDeckViewController.h; sourceTree = "<group>"; };
		2F18825B1BC9A43600F29C34 /* LeftDeckViewController.m */ = {isa = PBXFileReference; fileEncoding = 4; lastKnownFileType = sourcecode.c.objc; path = LeftDeckViewController.m; sourceTree = "<group>"; };
		2F1882611BC9A88A00F29C34 /* LeftDeckTableViewCell.h */ = {isa = PBXFileReference; fileEncoding = 4; lastKnownFileType = sourcecode.c.h; path = LeftDeckTableViewCell.h; sourceTree = "<group>"; };
		2F1882621BC9A88A00F29C34 /* LeftDeckTableViewCell.m */ = {isa = PBXFileReference; fileEncoding = 4; lastKnownFileType = sourcecode.c.objc; path = LeftDeckTableViewCell.m; sourceTree = "<group>"; };
		2F1882631BC9A88A00F29C34 /* LeftDeckTableViewCell.xib */ = {isa = PBXFileReference; fileEncoding = 4; lastKnownFileType = file.xib; path = LeftDeckTableViewCell.xib; sourceTree = "<group>"; };
		A0A7AAAD1BCD83B600F0CBFC /* BaseTableView.h */ = {isa = PBXFileReference; fileEncoding = 4; lastKnownFileType = sourcecode.c.h; path = BaseTableView.h; sourceTree = "<group>"; };
		A0A7AAAE1BCD83B600F0CBFC /* BaseTableView.m */ = {isa = PBXFileReference; fileEncoding = 4; lastKnownFileType = sourcecode.c.objc; path = BaseTableView.m; sourceTree = "<group>"; };
		A0A7AAB11BCD851D00F0CBFC /* TableViewCell.h */ = {isa = PBXFileReference; fileEncoding = 4; lastKnownFileType = sourcecode.c.h; path = TableViewCell.h; sourceTree = "<group>"; };
		A0A7AAB21BCD851D00F0CBFC /* TableViewCell.m */ = {isa = PBXFileReference; fileEncoding = 4; lastKnownFileType = sourcecode.c.objc; path = TableViewCell.m; sourceTree = "<group>"; };
		A0A7AAB31BCD851D00F0CBFC /* TableViewCell.xib */ = {isa = PBXFileReference; fileEncoding = 4; lastKnownFileType = file.xib; path = TableViewCell.xib; sourceTree = "<group>"; };
		AFC5F66369270EE509E8A014 /* libPods-Hackathon.a */ = {isa = PBXFileReference; explicitFileType = archive.ar; includeInIndex = 0; path = "libPods-Hackathon.a"; sourceTree = BUILT_PRODUCTS_DIR; };
		CE44D8D57855B1ECCDCD40D9 /* Pods-Hackathon.debug.xcconfig */ = {isa = PBXFileReference; includeInIndex = 1; lastKnownFileType = text.xcconfig; name = "Pods-Hackathon.debug.xcconfig"; path = "Pods/Target Support Files/Pods-Hackathon/Pods-Hackathon.debug.xcconfig"; sourceTree = "<group>"; };
		DFDAA087076CB726C712CF96 /* Pods-Hackathon.release.xcconfig */ = {isa = PBXFileReference; includeInIndex = 1; lastKnownFileType = text.xcconfig; name = "Pods-Hackathon.release.xcconfig"; path = "Pods/Target Support Files/Pods-Hackathon/Pods-Hackathon.release.xcconfig"; sourceTree = "<group>"; };
/* End PBXFileReference section */

/* Begin PBXFrameworksBuildPhase section */
		2F1668EF1BC5580D00744672 /* Frameworks */ = {
			isa = PBXFrameworksBuildPhase;
			buildActionMask = 2147483647;
			files = (
			);
			runOnlyForDeploymentPostprocessing = 0;
		};
		96B9F65BC2298730FE20FD7F /* Frameworks */ = {
			isa = PBXFrameworksBuildPhase;
			buildActionMask = 2147483647;
			files = (
				E9A62DF8154C5A36F85CA285 /* libPods-Hackathon.a in Frameworks */,
			);
			runOnlyForDeploymentPostprocessing = 0;
		};
/* End PBXFrameworksBuildPhase section */

/* Begin PBXGroup section */
		0C958F8E1BCED616007A7694 /* ProductDetail */ = {
			isa = PBXGroup;
			children = (
				0C958F8F1BCED670007A7694 /* ProductDescriptionTableViewCell.h */,
				0C958F901BCED670007A7694 /* ProductDescriptionTableViewCell.m */,
				0C958F911BCED670007A7694 /* ProductDescriptionTableViewCell.xib */,
				0C958F921BCED670007A7694 /* ProductDetailsTableViewCell.h */,
				0C958F931BCED670007A7694 /* ProductDetailsTableViewCell.m */,
				0C958F941BCED670007A7694 /* ProductDetailsTableViewCell.xib */,
				0C958F951BCED670007A7694 /* ProductDetailViewController.h */,
				0C958F961BCED670007A7694 /* ProductDetailViewController.m */,
				0C958F971BCED670007A7694 /* ProductDetailViewController.xib */,
				0C958F981BCED670007A7694 /* TopZoneCollectionViewCell.h */,
				0C958F991BCED670007A7694 /* TopZoneCollectionViewCell.m */,
				0C958F9A1BCED670007A7694 /* TopZoneCollectionViewCell.xib */,
				0C958F9B1BCED670007A7694 /* TopZoneView.h */,
				0C958F9C1BCED670007A7694 /* TopZoneView.m */,
			);
			name = ProductDetail;
			sourceTree = "<group>";
		};
		0C958FA61BCED677007A7694 /* NMRangeSlider */ = {
			isa = PBXGroup;
			children = (
				0C958FA71BCED6B8007A7694 /* NMRangeSlider.h */,
				0C958FA81BCED6B8007A7694 /* NMRangeSlider.m */,
				0C958FA91BCED6B8007A7694 /* slider-default_trackBackground@2x.png */,
				0C958FAA1BCED6B8007A7694 /* slider-default-handle-highlighted.png */,
				0C958FAB1BCED6B8007A7694 /* slider-default-handle-highlighted@2x.png */,
				0C958FAC1BCED6B8007A7694 /* slider-default-handle.png */,
				0C958FAD1BCED6B8007A7694 /* slider-default-handle@2x.png */,
				0C958FAE1BCED6B8007A7694 /* slider-default-track.png */,
				0C958FAF1BCED6B8007A7694 /* slider-default-track@2x.png */,
				0C958FB01BCED6B8007A7694 /* slider-default-trackBackground.png */,
				0C958FB11BCED6B8007A7694 /* slider-default-trackCrossedOver.png */,
				0C958FB21BCED6B8007A7694 /* slider-default-trackCrossedOver@2x.png */,
				0C958FB31BCED6B8007A7694 /* slider-default7-handle.png */,
				0C958FB41BCED6B8007A7694 /* slider-default7-handle@2x.png */,
				0C958FB51BCED6B8007A7694 /* slider-default7-track.png */,
				0C958FB61BCED6B8007A7694 /* slider-default7-track@2x.png */,
				0C958FB71BCED6B8007A7694 /* slider-default7-trackBackground.png */,
				0C958FB81BCED6B8007A7694 /* slider-default7-trackBackground@2x.png */,
				0C958FB91BCED6B8007A7694 /* slider-default7-trackCrossedOver.png */,
				0C958FBA1BCED6B8007A7694 /* slider-default7-trackCrossedOver@2x.png */,
				0C958FBB1BCED6B8007A7694 /* slider-metal-handle-highlighted.png */,
				0C958FBC1BCED6B8007A7694 /* slider-metal-handle-highlighted@2x.png */,
				0C958FBD1BCED6B8007A7694 /* slider-metal-handle.png */,
				0C958FBE1BCED6B8007A7694 /* slider-metal-handle@2x.png */,
				0C958FBF1BCED6B8007A7694 /* slider-metal-track.png */,
				0C958FC01BCED6B8007A7694 /* slider-metal-track@2x.png */,
				0C958FC11BCED6B8007A7694 /* slider-metal-trackBackground.png */,
				0C958FC21BCED6B8007A7694 /* slider-metal-trackBackground@2x.png */,
			);
			name = NMRangeSlider;
			sourceTree = "<group>";
		};
		0C958FDE1BCED6BF007A7694 /* WishModule */ = {
			isa = PBXGroup;
			children = (
				0C958FDF1BCED709007A7694 /* AddWishViewController.h */,
				0C958FE01BCED709007A7694 /* AddWishViewController.m */,
				0C958FE11BCED709007A7694 /* AddWishViewController.xib */,
				0C958FE21BCED709007A7694 /* ImagesCollectionViewCell.h */,
				0C958FE31BCED709007A7694 /* ImagesCollectionViewCell.m */,
				0C958FE41BCED709007A7694 /* ImagesCollectionViewCell.xib */,
			);
			name = WishModule;
			sourceTree = "<group>";
		};
		0C958FE91BCED737007A7694 /* ModalClasses */ = {
			isa = PBXGroup;
			children = (
				0C958FEA1BCED750007A7694 /* Product.h */,
				0C958FEB1BCED750007A7694 /* Product.m */,
				0C958FEF1BCED8AC007A7694 /* ProductData.h */,
				0C958FF01BCED8AC007A7694 /* ProductData.m */,
				0C958FED1BCED882007A7694 /* prods.json */,
			);
			name = ModalClasses;
			sourceTree = "<group>";
		};
		2F085F0E1BCC42FD004E6643 /* SWReveal */ = {
			isa = PBXGroup;
			children = (
				2F085F0F1BCC431F004E6643 /* SWRevealViewController.h */,
				2F085F101BCC431F004E6643 /* SWRevealViewController.m */,
			);
			name = SWReveal;
			sourceTree = "<group>";
		};
		2F1668D01BC5580C00744672 = {
			isa = PBXGroup;
			children = (
				2F1668DB1BC5580C00744672 /* Hackathon */,
				2F1668F51BC5580D00744672 /* HackathonTests */,
				2F1668DA1BC5580C00744672 /* Products */,
				D3BF13A83F9B05DCE3801FEE /* Pods */,
				5DFFBE66E58A1779EAD160F5 /* Frameworks */,
			);
			sourceTree = "<group>";
		};
		2F1668DA1BC5580C00744672 /* Products */ = {
			isa = PBXGroup;
			children = (
				2F1668D91BC5580C00744672 /* Hackathon.app */,
				2F1668F21BC5580D00744672 /* HackathonTests.xctest */,
			);
			name = Products;
			sourceTree = "<group>";
		};
		2F1668DB1BC5580C00744672 /* Hackathon */ = {
			isa = PBXGroup;
			children = (
				0C958FE91BCED737007A7694 /* ModalClasses */,
				0C958FDE1BCED6BF007A7694 /* WishModule */,
				0C958FA61BCED677007A7694 /* NMRangeSlider */,
				0C958F8E1BCED616007A7694 /* ProductDetail */,
				2F1882501BC7D56B00F29C34 /* Icons */,
				2F18822E1BC7962600F29C34 /* TabBarItems */,
				2F1882601BC9A71100F29C34 /* LeftDeck */,
				2F085F0E1BCC42FD004E6643 /* SWReveal */,
				2F1668E01BC5580D00744672 /* AppDelegate.h */,
				2F1668E11BC5580D00744672 /* AppDelegate.m */,
				2F1669021BC5588100744672 /* ViewController.h */,
				2F1669031BC5588100744672 /* ViewController.m */,
				A0A7AAB01BCD83C500F0CBFC /* BaseTableView */,
				2F1668E61BC5580D00744672 /* Main.storyboard */,
				2F1668E91BC5580D00744672 /* Images.xcassets */,
				2F1668EB1BC5580D00744672 /* LaunchScreen.xib */,
				2F1668DC1BC5580C00744672 /* Supporting Files */,
			);
			path = Hackathon;
			sourceTree = "<group>";
		};
		2F1668DC1BC5580C00744672 /* Supporting Files */ = {
			isa = PBXGroup;
			children = (
				2F1668DD1BC5580C00744672 /* Info.plist */,
				2F1668DE1BC5580C00744672 /* main.m */,
			);
			name = "Supporting Files";
			sourceTree = "<group>";
		};
		2F1668F51BC5580D00744672 /* HackathonTests */ = {
			isa = PBXGroup;
			children = (
				2F1668F81BC5580D00744672 /* HackathonTests.m */,
				2F1668F61BC5580D00744672 /* Supporting Files */,
			);
			path = HackathonTests;
			sourceTree = "<group>";
		};
		2F1668F61BC5580D00744672 /* Supporting Files */ = {
			isa = PBXGroup;
			children = (
				2F1668F71BC5580D00744672 /* Info.plist */,
			);
			name = "Supporting Files";
			sourceTree = "<group>";
		};
		2F18822E1BC7962600F29C34 /* TabBarItems */ = {
			isa = PBXGroup;
			children = (
				2F1882411BC7C98200F29C34 /* WallViewController.h */,
				2F1882421BC7C98200F29C34 /* WallViewController.m */,
				2F1882441BC7C99800F29C34 /* WishViewController.h */,
				2F1882451BC7C99800F29C34 /* WishViewController.m */,
				2F1882471BC7C9AC00F29C34 /* BrowseViewController.h */,
				2F1882481BC7C9AC00F29C34 /* BrowseViewController.m */,
			);
			name = TabBarItems;
			sourceTree = "<group>";
		};
		2F1882501BC7D56B00F29C34 /* Icons */ = {
			isa = PBXGroup;
			children = (
				2F1882511BC850A400F29C34 /* feed.png */,
				2F1882521BC850A400F29C34 /* search.png */,
				2F1882531BC850A400F29C34 /* wish.png */,
			);
			name = Icons;
			sourceTree = "<group>";
		};
		2F1882601BC9A71100F29C34 /* LeftDeck */ = {
			isa = PBXGroup;
			children = (
				2F18825A1BC9A43600F29C34 /* LeftDeckViewController.h */,
				2F18825B1BC9A43600F29C34 /* LeftDeckViewController.m */,
				2F1882611BC9A88A00F29C34 /* LeftDeckTableViewCell.h */,
				2F1882621BC9A88A00F29C34 /* LeftDeckTableViewCell.m */,
				2F1882631BC9A88A00F29C34 /* LeftDeckTableViewCell.xib */,
			);
			name = LeftDeck;
			sourceTree = "<group>";
		};
		5DFFBE66E58A1779EAD160F5 /* Frameworks */ = {
			isa = PBXGroup;
			children = (
				AFC5F66369270EE509E8A014 /* libPods-Hackathon.a */,
			);
			name = Frameworks;
			sourceTree = "<group>";
		};
		A0A7AAB01BCD83C500F0CBFC /* BaseTableView */ = {
			isa = PBXGroup;
			children = (
				A0A7AAAD1BCD83B600F0CBFC /* BaseTableView.h */,
				A0A7AAAE1BCD83B600F0CBFC /* BaseTableView.m */,
				A0A7AAB11BCD851D00F0CBFC /* TableViewCell.h */,
				A0A7AAB21BCD851D00F0CBFC /* TableViewCell.m */,
				A0A7AAB31BCD851D00F0CBFC /* TableViewCell.xib */,
			);
			name = BaseTableView;
			sourceTree = "<group>";
		};
		D3BF13A83F9B05DCE3801FEE /* Pods */ = {
			isa = PBXGroup;
			children = (
				CE44D8D57855B1ECCDCD40D9 /* Pods-Hackathon.debug.xcconfig */,
				DFDAA087076CB726C712CF96 /* Pods-Hackathon.release.xcconfig */,
			);
			name = Pods;
			sourceTree = "<group>";
		};
/* End PBXGroup section */

/* Begin PBXNativeTarget section */
		2F1668D81BC5580C00744672 /* Hackathon */ = {
			isa = PBXNativeTarget;
			buildConfigurationList = 2F1668FC1BC5580D00744672 /* Build configuration list for PBXNativeTarget "Hackathon" */;
			buildPhases = (
				93144F0173B540752E1874F7 /* Check Pods Manifest.lock */,
				2F1668D51BC5580C00744672 /* Sources */,
				2F1668D71BC5580C00744672 /* Resources */,
				4CF48C2F6AEBF166BF0F5586 /* Embed Pods Frameworks */,
				96B9F65BC2298730FE20FD7F /* Frameworks */,
				575A724283C09731FD985793 /* Copy Pods Resources */,
			);
			buildRules = (
			);
			dependencies = (
			);
			name = Hackathon;
			productName = Hackathon;
			productReference = 2F1668D91BC5580C00744672 /* Hackathon.app */;
			productType = "com.apple.product-type.application";
		};
		2F1668F11BC5580D00744672 /* HackathonTests */ = {
			isa = PBXNativeTarget;
			buildConfigurationList = 2F1668FF1BC5580D00744672 /* Build configuration list for PBXNativeTarget "HackathonTests" */;
			buildPhases = (
				2F1668EE1BC5580D00744672 /* Sources */,
				2F1668EF1BC5580D00744672 /* Frameworks */,
				2F1668F01BC5580D00744672 /* Resources */,
			);
			buildRules = (
			);
			dependencies = (
				2F1668F41BC5580D00744672 /* PBXTargetDependency */,
			);
			name = HackathonTests;
			productName = HackathonTests;
			productReference = 2F1668F21BC5580D00744672 /* HackathonTests.xctest */;
			productType = "com.apple.product-type.bundle.unit-test";
		};
/* End PBXNativeTarget section */

/* Begin PBXProject section */
		2F1668D11BC5580C00744672 /* Project object */ = {
			isa = PBXProject;
			attributes = {
				LastUpgradeCheck = 0640;
				ORGANIZATIONNAME = "Sanchit Kumar Singh";
				TargetAttributes = {
					2F1668D81BC5580C00744672 = {
						CreatedOnToolsVersion = 6.4;
					};
					2F1668F11BC5580D00744672 = {
						CreatedOnToolsVersion = 6.4;
						TestTargetID = 2F1668D81BC5580C00744672;
					};
				};
			};
			buildConfigurationList = 2F1668D41BC5580C00744672 /* Build configuration list for PBXProject "Hackathon" */;
			compatibilityVersion = "Xcode 3.2";
			developmentRegion = English;
			hasScannedForEncodings = 0;
			knownRegions = (
				en,
				Base,
			);
			mainGroup = 2F1668D01BC5580C00744672;
			productRefGroup = 2F1668DA1BC5580C00744672 /* Products */;
			projectDirPath = "";
			projectRoot = "";
			targets = (
				2F1668D81BC5580C00744672 /* Hackathon */,
				2F1668F11BC5580D00744672 /* HackathonTests */,
			);
		};
/* End PBXProject section */

/* Begin PBXResourcesBuildPhase section */
		2F1668D71BC5580C00744672 /* Resources */ = {
			isa = PBXResourcesBuildPhase;
			buildActionMask = 2147483647;
			files = (
				0C958FCB1BCED6B9007A7694 /* slider-default-trackBackground.png in Resources */,
				0C958FD61BCED6B9007A7694 /* slider-metal-handle-highlighted.png in Resources */,
				0C958FD31BCED6B9007A7694 /* slider-default7-trackBackground@2x.png in Resources */,
				0C958FCC1BCED6B9007A7694 /* slider-default-trackCrossedOver.png in Resources */,
				0C958FD81BCED6B9007A7694 /* slider-metal-handle.png in Resources */,
				0C958FD91BCED6B9007A7694 /* slider-metal-handle@2x.png in Resources */,
				0C958FE61BCED709007A7694 /* AddWishViewController.xib in Resources */,
				0C958FD01BCED6B9007A7694 /* slider-default7-track.png in Resources */,
				0C958FDA1BCED6B9007A7694 /* slider-metal-track.png in Resources */,
				0C958FA41BCED670007A7694 /* TopZoneCollectionViewCell.xib in Resources */,
				0C958FE81BCED709007A7694 /* ImagesCollectionViewCell.xib in Resources */,
				2F1882551BC850A400F29C34 /* search.png in Resources */,
				2F1668E81BC5580D00744672 /* Main.storyboard in Resources */,
				0C958FCA1BCED6B9007A7694 /* slider-default-track@2x.png in Resources */,
				0C958FD21BCED6B9007A7694 /* slider-default7-trackBackground.png in Resources */,
				0C958FD41BCED6B9007A7694 /* slider-default7-trackCrossedOver.png in Resources */,
				0C958FC41BCED6B9007A7694 /* slider-default_trackBackground@2x.png in Resources */,
				0C958FCF1BCED6B9007A7694 /* slider-default7-handle@2x.png in Resources */,
				0C958FD71BCED6B9007A7694 /* slider-metal-handle-highlighted@2x.png in Resources */,
				0C958FA01BCED670007A7694 /* ProductDetailsTableViewCell.xib in Resources */,
				2F1882561BC850A400F29C34 /* wish.png in Resources */,
				0C958FDD1BCED6B9007A7694 /* slider-metal-trackBackground@2x.png in Resources */,
				0C958FCD1BCED6B9007A7694 /* slider-default-trackCrossedOver@2x.png in Resources */,
				0C958FC61BCED6B9007A7694 /* slider-default-handle-highlighted@2x.png in Resources */,
				A0A7AAB51BCD851D00F0CBFC /* TableViewCell.xib in Resources */,
				0C958FEE1BCED882007A7694 /* prods.json in Resources */,
				2F1668ED1BC5580D00744672 /* LaunchScreen.xib in Resources */,
				0C958FC51BCED6B9007A7694 /* slider-default-handle-highlighted.png in Resources */,
				0C958FC91BCED6B9007A7694 /* slider-default-track.png in Resources */,
				0C958FD11BCED6B9007A7694 /* slider-default7-track@2x.png in Resources */,
				0C958FD51BCED6B9007A7694 /* slider-default7-trackCrossedOver@2x.png in Resources */,
				0C958FCE1BCED6B9007A7694 /* slider-default7-handle.png in Resources */,
				0C958FC71BCED6B9007A7694 /* slider-default-handle.png in Resources */,
				2F1668EA1BC5580D00744672 /* Images.xcassets in Resources */,
				0C958FC81BCED6B9007A7694 /* slider-default-handle@2x.png in Resources */,
				0C958FDB1BCED6B9007A7694 /* slider-metal-track@2x.png in Resources */,
				2F1882541BC850A400F29C34 /* feed.png in Resources */,
				0C958FA21BCED670007A7694 /* ProductDetailViewController.xib in Resources */,
				0C958F9E1BCED670007A7694 /* ProductDescriptionTableViewCell.xib in Resources */,
				0C958FDC1BCED6B9007A7694 /* slider-metal-trackBackground.png in Resources */,
				2F1882651BC9A88A00F29C34 /* LeftDeckTableViewCell.xib in Resources */,
			);
			runOnlyForDeploymentPostprocessing = 0;
		};
		2F1668F01BC5580D00744672 /* Resources */ = {
			isa = PBXResourcesBuildPhase;
			buildActionMask = 2147483647;
			files = (
			);
			runOnlyForDeploymentPostprocessing = 0;
		};
/* End PBXResourcesBuildPhase section */

/* Begin PBXShellScriptBuildPhase section */
		4CF48C2F6AEBF166BF0F5586 /* Embed Pods Frameworks */ = {
			isa = PBXShellScriptBuildPhase;
			buildActionMask = 2147483647;
			files = (
			);
			inputPaths = (
			);
			name = "Embed Pods Frameworks";
			outputPaths = (
			);
			runOnlyForDeploymentPostprocessing = 0;
			shellPath = /bin/sh;
			shellScript = "\"${SRCROOT}/Pods/Target Support Files/Pods-Hackathon/Pods-Hackathon-frameworks.sh\"\n";
			showEnvVarsInLog = 0;
		};
		575A724283C09731FD985793 /* Copy Pods Resources */ = {
			isa = PBXShellScriptBuildPhase;
			buildActionMask = 2147483647;
			files = (
			);
			inputPaths = (
			);
			name = "Copy Pods Resources";
			outputPaths = (
			);
			runOnlyForDeploymentPostprocessing = 0;
			shellPath = /bin/sh;
			shellScript = "\"${SRCROOT}/Pods/Target Support Files/Pods-Hackathon/Pods-Hackathon-resources.sh\"\n";
			showEnvVarsInLog = 0;
		};
		93144F0173B540752E1874F7 /* Check Pods Manifest.lock */ = {
			isa = PBXShellScriptBuildPhase;
			buildActionMask = 2147483647;
			files = (
			);
			inputPaths = (
			);
			name = "Check Pods Manifest.lock";
			outputPaths = (
			);
			runOnlyForDeploymentPostprocessing = 0;
			shellPath = /bin/sh;
			shellScript = "diff \"${PODS_ROOT}/../Podfile.lock\" \"${PODS_ROOT}/Manifest.lock\" > /dev/null\nif [[ $? != 0 ]] ; then\n    cat << EOM\nerror: The sandbox is not in sync with the Podfile.lock. Run 'pod install' or update your CocoaPods installation.\nEOM\n    exit 1\nfi\n";
			showEnvVarsInLog = 0;
		};
/* End PBXShellScriptBuildPhase section */

/* Begin PBXSourcesBuildPhase section */
		2F1668D51BC5580C00744672 /* Sources */ = {
			isa = PBXSourcesBuildPhase;
			buildActionMask = 2147483647;
			files = (
				0C958F9D1BCED670007A7694 /* ProductDescriptionTableViewCell.m in Sources */,
				0C958FEC1BCED750007A7694 /* Product.m in Sources */,
				2F1669041BC5588100744672 /* ViewController.m in Sources */,
				0C958FA51BCED670007A7694 /* TopZoneView.m in Sources */,
				A0A7AAB41BCD851D00F0CBFC /* TableViewCell.m in Sources */,
				0C958FF11BCED8AC007A7694 /* ProductData.m in Sources */,
				2F1668E21BC5580D00744672 /* AppDelegate.m in Sources */,
				0C958F9F1BCED670007A7694 /* ProductDetailsTableViewCell.m in Sources */,
				2F1882461BC7C99800F29C34 /* WishViewController.m in Sources */,
				2F1882431BC7C98200F29C34 /* WallViewController.m in Sources */,
				2F18825C1BC9A43600F29C34 /* LeftDeckViewController.m in Sources */,
				0C958FA31BCED670007A7694 /* TopZoneCollectionViewCell.m in Sources */,
				0C958FC31BCED6B8007A7694 /* NMRangeSlider.m in Sources */,
				0C958FE51BCED709007A7694 /* AddWishViewController.m in Sources */,
				A0A7AAAF1BCD83B600F0CBFC /* BaseTableView.m in Sources */,
				0C958FE71BCED709007A7694 /* ImagesCollectionViewCell.m in Sources */,
				2F085F111BCC431F004E6643 /* SWRevealViewController.m in Sources */,
				2F1882491BC7C9AC00F29C34 /* BrowseViewController.m in Sources */,
				0C958FA11BCED670007A7694 /* ProductDetailViewController.m in Sources */,
				2F1668DF1BC5580D00744672 /* main.m in Sources */,
				2F1882641BC9A88A00F29C34 /* LeftDeckTableViewCell.m in Sources */,
			);
			runOnlyForDeploymentPostprocessing = 0;
		};
		2F1668EE1BC5580D00744672 /* Sources */ = {
			isa = PBXSourcesBuildPhase;
			buildActionMask = 2147483647;
			files = (
				2F1668F91BC5580D00744672 /* HackathonTests.m in Sources */,
			);
			runOnlyForDeploymentPostprocessing = 0;
		};
/* End PBXSourcesBuildPhase section */

/* Begin PBXTargetDependency section */
		2F1668F41BC5580D00744672 /* PBXTargetDependency */ = {
			isa = PBXTargetDependency;
			target = 2F1668D81BC5580C00744672 /* Hackathon */;
			targetProxy = 2F1668F31BC5580D00744672 /* PBXContainerItemProxy */;
		};
/* End PBXTargetDependency section */

/* Begin PBXVariantGroup section */
		2F1668E61BC5580D00744672 /* Main.storyboard */ = {
			isa = PBXVariantGroup;
			children = (
				2F1668E71BC5580D00744672 /* Base */,
			);
			name = Main.storyboard;
			sourceTree = "<group>";
		};
		2F1668EB1BC5580D00744672 /* LaunchScreen.xib */ = {
			isa = PBXVariantGroup;
			children = (
				2F1668EC1BC5580D00744672 /* Base */,
			);
			name = LaunchScreen.xib;
			sourceTree = "<group>";
		};
/* End PBXVariantGroup section */

/* Begin XCBuildConfiguration section */
		2F1668FA1BC5580D00744672 /* Debug */ = {
			isa = XCBuildConfiguration;
			buildSettings = {
				ALWAYS_SEARCH_USER_PATHS = NO;
				CLANG_CXX_LANGUAGE_STANDARD = "gnu++0x";
				CLANG_CXX_LIBRARY = "libc++";
				CLANG_ENABLE_MODULES = YES;
				CLANG_ENABLE_OBJC_ARC = YES;
				CLANG_WARN_BOOL_CONVERSION = YES;
				CLANG_WARN_CONSTANT_CONVERSION = YES;
				CLANG_WARN_DIRECT_OBJC_ISA_USAGE = YES_ERROR;
				CLANG_WARN_EMPTY_BODY = YES;
				CLANG_WARN_ENUM_CONVERSION = YES;
				CLANG_WARN_INT_CONVERSION = YES;
				CLANG_WARN_OBJC_ROOT_CLASS = YES_ERROR;
				CLANG_WARN_UNREACHABLE_CODE = YES;
				CLANG_WARN__DUPLICATE_METHOD_MATCH = YES;
				CODE_SIGN_IDENTITY = "iPhone Developer: Alok Ranjan (H686S25ZPL)";
				"CODE_SIGN_IDENTITY[sdk=iphoneos*]" = "iPhone Developer: Alok Ranjan (H686S25ZPL)";
				COPY_PHASE_STRIP = NO;
				DEBUG_INFORMATION_FORMAT = "dwarf-with-dsym";
				ENABLE_STRICT_OBJC_MSGSEND = YES;
				GCC_C_LANGUAGE_STANDARD = gnu99;
				GCC_DYNAMIC_NO_PIC = NO;
				GCC_NO_COMMON_BLOCKS = YES;
				GCC_OPTIMIZATION_LEVEL = 0;
				GCC_PREPROCESSOR_DEFINITIONS = (
					"DEBUG=1",
					"$(inherited)",
				);
				GCC_SYMBOLS_PRIVATE_EXTERN = NO;
				GCC_WARN_64_TO_32_BIT_CONVERSION = YES;
				GCC_WARN_ABOUT_RETURN_TYPE = YES_ERROR;
				GCC_WARN_UNDECLARED_SELECTOR = YES;
				GCC_WARN_UNINITIALIZED_AUTOS = YES_AGGRESSIVE;
				GCC_WARN_UNUSED_FUNCTION = YES;
				GCC_WARN_UNUSED_VARIABLE = YES;
				IPHONEOS_DEPLOYMENT_TARGET = 8.4;
				MTL_ENABLE_DEBUG_INFO = YES;
				ONLY_ACTIVE_ARCH = YES;
				PROVISIONING_PROFILE = "fdd18663-296c-4708-b76a-91b6c1c55f99";
				SDKROOT = iphoneos;
				TARGETED_DEVICE_FAMILY = "1,2";
			};
			name = Debug;
		};
		2F1668FB1BC5580D00744672 /* Release */ = {
			isa = XCBuildConfiguration;
			buildSettings = {
				ALWAYS_SEARCH_USER_PATHS = NO;
				CLANG_CXX_LANGUAGE_STANDARD = "gnu++0x";
				CLANG_CXX_LIBRARY = "libc++";
				CLANG_ENABLE_MODULES = YES;
				CLANG_ENABLE_OBJC_ARC = YES;
				CLANG_WARN_BOOL_CONVERSION = YES;
				CLANG_WARN_CONSTANT_CONVERSION = YES;
				CLANG_WARN_DIRECT_OBJC_ISA_USAGE = YES_ERROR;
				CLANG_WARN_EMPTY_BODY = YES;
				CLANG_WARN_ENUM_CONVERSION = YES;
				CLANG_WARN_INT_CONVERSION = YES;
				CLANG_WARN_OBJC_ROOT_CLASS = YES_ERROR;
				CLANG_WARN_UNREACHABLE_CODE = YES;
				CLANG_WARN__DUPLICATE_METHOD_MATCH = YES;
				CODE_SIGN_IDENTITY = "iPhone Developer: Alok Ranjan (H686S25ZPL)";
				"CODE_SIGN_IDENTITY[sdk=iphoneos*]" = "iPhone Developer: Alok Ranjan (H686S25ZPL)";
				COPY_PHASE_STRIP = NO;
				DEBUG_INFORMATION_FORMAT = "dwarf-with-dsym";
				ENABLE_NS_ASSERTIONS = NO;
				ENABLE_STRICT_OBJC_MSGSEND = YES;
				GCC_C_LANGUAGE_STANDARD = gnu99;
				GCC_NO_COMMON_BLOCKS = YES;
				GCC_WARN_64_TO_32_BIT_CONVERSION = YES;
				GCC_WARN_ABOUT_RETURN_TYPE = YES_ERROR;
				GCC_WARN_UNDECLARED_SELECTOR = YES;
				GCC_WARN_UNINITIALIZED_AUTOS = YES_AGGRESSIVE;
				GCC_WARN_UNUSED_FUNCTION = YES;
				GCC_WARN_UNUSED_VARIABLE = YES;
				IPHONEOS_DEPLOYMENT_TARGET = 8.4;
				MTL_ENABLE_DEBUG_INFO = NO;
				PROVISIONING_PROFILE = "fdd18663-296c-4708-b76a-91b6c1c55f99";
				SDKROOT = iphoneos;
				TARGETED_DEVICE_FAMILY = "1,2";
				VALIDATE_PRODUCT = YES;
			};
			name = Release;
		};
		2F1668FD1BC5580D00744672 /* Debug */ = {
			isa = XCBuildConfiguration;
			baseConfigurationReference = CE44D8D57855B1ECCDCD40D9 /* Pods-Hackathon.debug.xcconfig */;
			buildSettings = {
				ASSETCATALOG_COMPILER_APPICON_NAME = AppIcon;
				CODE_SIGN_IDENTITY = "iPhone Developer: Alok Ranjan (H686S25ZPL)";
				INFOPLIST_FILE = Hackathon/Info.plist;
				LD_RUNPATH_SEARCH_PATHS = "$(inherited) @executable_path/Frameworks";
				PRODUCT_NAME = "$(TARGET_NAME)";
				PROVISIONING_PROFILE = "fdd18663-296c-4708-b76a-91b6c1c55f99";
			};
			name = Debug;
		};
		2F1668FE1BC5580D00744672 /* Release */ = {
			isa = XCBuildConfiguration;
			baseConfigurationReference = DFDAA087076CB726C712CF96 /* Pods-Hackathon.release.xcconfig */;
			buildSettings = {
				ASSETCATALOG_COMPILER_APPICON_NAME = AppIcon;
				CODE_SIGN_IDENTITY = "iPhone Developer: Alok Ranjan (H686S25ZPL)";
				INFOPLIST_FILE = Hackathon/Info.plist;
				LD_RUNPATH_SEARCH_PATHS = "$(inherited) @executable_path/Frameworks";
				PRODUCT_NAME = "$(TARGET_NAME)";
				PROVISIONING_PROFILE = "fdd18663-296c-4708-b76a-91b6c1c55f99";
			};
			name = Release;
		};
		2F1669001BC5580D00744672 /* Debug */ = {
			isa = XCBuildConfiguration;
			buildSettings = {
				BUNDLE_LOADER = "$(TEST_HOST)";
				FRAMEWORK_SEARCH_PATHS = (
					"$(SDKROOT)/Developer/Library/Frameworks",
					"$(inherited)",
				);
				GCC_PREPROCESSOR_DEFINITIONS = (
					"DEBUG=1",
					"$(inherited)",
				);
				INFOPLIST_FILE = HackathonTests/Info.plist;
				LD_RUNPATH_SEARCH_PATHS = "$(inherited) @executable_path/Frameworks @loader_path/Frameworks";
				PRODUCT_NAME = "$(TARGET_NAME)";
				TEST_HOST = "$(BUILT_PRODUCTS_DIR)/Hackathon.app/Hackathon";
			};
			name = Debug;
		};
		2F1669011BC5580D00744672 /* Release */ = {
			isa = XCBuildConfiguration;
			buildSettings = {
				BUNDLE_LOADER = "$(TEST_HOST)";
				FRAMEWORK_SEARCH_PATHS = (
					"$(SDKROOT)/Developer/Library/Frameworks",
					"$(inherited)",
				);
				INFOPLIST_FILE = HackathonTests/Info.plist;
				LD_RUNPATH_SEARCH_PATHS = "$(inherited) @executable_path/Frameworks @loader_path/Frameworks";
				PRODUCT_NAME = "$(TARGET_NAME)";
				TEST_HOST = "$(BUILT_PRODUCTS_DIR)/Hackathon.app/Hackathon";
			};
			name = Release;
		};
/* End XCBuildConfiguration section */

/* Begin XCConfigurationList section */
		2F1668D41BC5580C00744672 /* Build configuration list for PBXProject "Hackathon" */ = {
			isa = XCConfigurationList;
			buildConfigurations = (
				2F1668FA1BC5580D00744672 /* Debug */,
				2F1668FB1BC5580D00744672 /* Release */,
			);
			defaultConfigurationIsVisible = 0;
			defaultConfigurationName = Release;
		};
		2F1668FC1BC5580D00744672 /* Build configuration list for PBXNativeTarget "Hackathon" */ = {
			isa = XCConfigurationList;
			buildConfigurations = (
				2F1668FD1BC5580D00744672 /* Debug */,
				2F1668FE1BC5580D00744672 /* Release */,
			);
			defaultConfigurationIsVisible = 0;
			defaultConfigurationName = Release;
		};
		2F1668FF1BC5580D00744672 /* Build configuration list for PBXNativeTarget "HackathonTests" */ = {
			isa = XCConfigurationList;
			buildConfigurations = (
				2F1669001BC5580D00744672 /* Debug */,
				2F1669011BC5580D00744672 /* Release */,
			);
			defaultConfigurationIsVisible = 0;
			defaultConfigurationName = Release;
		};
/* End XCConfigurationList section */
	};
	rootObject = 2F1668D11BC5580C00744672 /* Project object */;
}
